// !$*UTF8*$!
{
	archiveVersion = 1;
	classes = {
	};
	objectVersion = 50;
	objects = {

/* Begin PBXBuildFile section */
		2B8537C321ECFACD00270A50 /* ProductViewController.swift in Sources */ = {isa = PBXBuildFile; fileRef = 2B8537C221ECFACD00270A50 /* ProductViewController.swift */; };
		2B8537CC21EE847600270A50 /* VariantCollectionViewCell.swift in Sources */ = {isa = PBXBuildFile; fileRef = 2B8537CA21EE847600270A50 /* VariantCollectionViewCell.swift */; };
		2B8537CD21EE847600270A50 /* VariantCollectionViewCell.xib in Resources */ = {isa = PBXBuildFile; fileRef = 2B8537CB21EE847600270A50 /* VariantCollectionViewCell.xib */; };
		2BECDF4321E54FCB002CDF0D /* AppDelegate.swift in Sources */ = {isa = PBXBuildFile; fileRef = 2BECDF4221E54FCB002CDF0D /* AppDelegate.swift */; };
		2BECDF4821E54FCB002CDF0D /* Main.storyboard in Resources */ = {isa = PBXBuildFile; fileRef = 2BECDF4621E54FCB002CDF0D /* Main.storyboard */; };
		2BECDF4A21E54FCD002CDF0D /* Assets.xcassets in Resources */ = {isa = PBXBuildFile; fileRef = 2BECDF4921E54FCD002CDF0D /* Assets.xcassets */; };
		2BECDF4D21E54FCD002CDF0D /* LaunchScreen.storyboard in Resources */ = {isa = PBXBuildFile; fileRef = 2BECDF4B21E54FCD002CDF0D /* LaunchScreen.storyboard */; };
		2BECDF5521E55250002CDF0D /* APIClient.swift in Sources */ = {isa = PBXBuildFile; fileRef = 2BECDF5421E55250002CDF0D /* APIClient.swift */; };
		2BECDF5721E555D6002CDF0D /* CustomCollection.swift in Sources */ = {isa = PBXBuildFile; fileRef = 2BECDF5621E555D6002CDF0D /* CustomCollection.swift */; };
		2BECDF5921E55899002CDF0D /* URLRequest.swift in Sources */ = {isa = PBXBuildFile; fileRef = 2BECDF5821E55899002CDF0D /* URLRequest.swift */; };
		2BECDF5B21E55908002CDF0D /* APIRequest.swift in Sources */ = {isa = PBXBuildFile; fileRef = 2BECDF5A21E55908002CDF0D /* APIRequest.swift */; };
		2BECDF5D21E55A25002CDF0D /* Result.swift in Sources */ = {isa = PBXBuildFile; fileRef = 2BECDF5C21E55A25002CDF0D /* Result.swift */; };
		2BECDF5F21E55A5A002CDF0D /* DataResponseError.swift in Sources */ = {isa = PBXBuildFile; fileRef = 2BECDF5E21E55A5A002CDF0D /* DataResponseError.swift */; };
		2BECDF6321E55AA4002CDF0D /* HTTPURLResponse.swift in Sources */ = {isa = PBXBuildFile; fileRef = 2BECDF6221E55AA4002CDF0D /* HTTPURLResponse.swift */; };
		2BECDF6521E55CCC002CDF0D /* CustomCollectionsTableViewController.swift in Sources */ = {isa = PBXBuildFile; fileRef = 2BECDF6421E55CCC002CDF0D /* CustomCollectionsTableViewController.swift */; };
		2BECDF6721E5600F002CDF0D /* CustomCollectionsAPIResponse.swift in Sources */ = {isa = PBXBuildFile; fileRef = 2BECDF6621E5600F002CDF0D /* CustomCollectionsAPIResponse.swift */; };
		2BECDF6E21E56478002CDF0D /* CustomCollectionCell.swift in Sources */ = {isa = PBXBuildFile; fileRef = 2BECDF6C21E56478002CDF0D /* CustomCollectionCell.swift */; };
		2BECDF6F21E56478002CDF0D /* CustomCollectionCell.xib in Resources */ = {isa = PBXBuildFile; fileRef = 2BECDF6D21E56478002CDF0D /* CustomCollectionCell.xib */; };
		2BECDF7221E56A80002CDF0D /* UIImageView.swift in Sources */ = {isa = PBXBuildFile; fileRef = 2BECDF7121E56A80002CDF0D /* UIImageView.swift */; };
		2BECDF7421E58CD7002CDF0D /* Collect.swift in Sources */ = {isa = PBXBuildFile; fileRef = 2BECDF7321E58CD7002CDF0D /* Collect.swift */; };
		2BECDF7621E58DA4002CDF0D /* CollectsAPIResponse.swift in Sources */ = {isa = PBXBuildFile; fileRef = 2BECDF7521E58DA4002CDF0D /* CollectsAPIResponse.swift */; };
		2BECDF7821E58F3B002CDF0D /* Product.swift in Sources */ = {isa = PBXBuildFile; fileRef = 2BECDF7721E58F3B002CDF0D /* Product.swift */; };
		2BECDF7A21E59034002CDF0D /* Variant.swift in Sources */ = {isa = PBXBuildFile; fileRef = 2BECDF7921E59034002CDF0D /* Variant.swift */; };
		2BECDF7C21E592D7002CDF0D /* ProductsAPIResponse.swift in Sources */ = {isa = PBXBuildFile; fileRef = 2BECDF7B21E592D7002CDF0D /* ProductsAPIResponse.swift */; };
		2BECDF7E21E59D8B002CDF0D /* DetailsTableViewController.swift in Sources */ = {isa = PBXBuildFile; fileRef = 2BECDF7D21E59D8B002CDF0D /* DetailsTableViewController.swift */; };
		2BECDF8021E6D158002CDF0D /* UIView.swift in Sources */ = {isa = PBXBuildFile; fileRef = 2BECDF7F21E6D158002CDF0D /* UIView.swift */; };
		2BECDF8321E6FB41002CDF0D /* ProductCell.swift in Sources */ = {isa = PBXBuildFile; fileRef = 2BECDF8121E6FB41002CDF0D /* ProductCell.swift */; };
		2BECDF8421E6FB41002CDF0D /* ProductCell.xib in Resources */ = {isa = PBXBuildFile; fileRef = 2BECDF8221E6FB41002CDF0D /* ProductCell.xib */; };
		2BFD80F121E7D4A100C11358 /* UIViewController.swift in Sources */ = {isa = PBXBuildFile; fileRef = 2BFD80F021E7D4A100C11358 /* UIViewController.swift */; };
		2BFD80F421E7F8FD00C11358 /* AlertDisplayable.swift in Sources */ = {isa = PBXBuildFile; fileRef = 2BFD80F321E7F8FD00C11358 /* AlertDisplayable.swift */; };
/* End PBXBuildFile section */

/* Begin PBXFileReference section */
		2B8537C221ECFACD00270A50 /* ProductViewController.swift */ = {isa = PBXFileReference; lastKnownFileType = sourcecode.swift; path = ProductViewController.swift; sourceTree = "<group>"; };
		2B8537CA21EE847600270A50 /* VariantCollectionViewCell.swift */ = {isa = PBXFileReference; lastKnownFileType = sourcecode.swift; path = VariantCollectionViewCell.swift; sourceTree = "<group>"; };
		2B8537CB21EE847600270A50 /* VariantCollectionViewCell.xib */ = {isa = PBXFileReference; lastKnownFileType = file.xib; path = VariantCollectionViewCell.xib; sourceTree = "<group>"; };
		2BECDF3F21E54FCB002CDF0D /* shopify-summer-2019.app */ = {isa = PBXFileReference; explicitFileType = wrapper.application; includeInIndex = 0; path = "shopify-summer-2019.app"; sourceTree = BUILT_PRODUCTS_DIR; };
		2BECDF4221E54FCB002CDF0D /* AppDelegate.swift */ = {isa = PBXFileReference; lastKnownFileType = sourcecode.swift; path = AppDelegate.swift; sourceTree = "<group>"; };
		2BECDF4721E54FCB002CDF0D /* Base */ = {isa = PBXFileReference; lastKnownFileType = file.storyboard; name = Base; path = Base.lproj/Main.storyboard; sourceTree = "<group>"; };
		2BECDF4921E54FCD002CDF0D /* Assets.xcassets */ = {isa = PBXFileReference; lastKnownFileType = folder.assetcatalog; path = Assets.xcassets; sourceTree = "<group>"; };
		2BECDF4C21E54FCD002CDF0D /* Base */ = {isa = PBXFileReference; lastKnownFileType = file.storyboard; name = Base; path = Base.lproj/LaunchScreen.storyboard; sourceTree = "<group>"; };
		2BECDF4E21E54FCD002CDF0D /* Info.plist */ = {isa = PBXFileReference; lastKnownFileType = text.plist.xml; path = Info.plist; sourceTree = "<group>"; };
		2BECDF5421E55250002CDF0D /* APIClient.swift */ = {isa = PBXFileReference; lastKnownFileType = sourcecode.swift; path = APIClient.swift; sourceTree = "<group>"; };
		2BECDF5621E555D6002CDF0D /* CustomCollection.swift */ = {isa = PBXFileReference; lastKnownFileType = sourcecode.swift; path = CustomCollection.swift; sourceTree = "<group>"; };
		2BECDF5821E55899002CDF0D /* URLRequest.swift */ = {isa = PBXFileReference; lastKnownFileType = sourcecode.swift; path = URLRequest.swift; sourceTree = "<group>"; };
		2BECDF5A21E55908002CDF0D /* APIRequest.swift */ = {isa = PBXFileReference; lastKnownFileType = sourcecode.swift; path = APIRequest.swift; sourceTree = "<group>"; };
		2BECDF5C21E55A25002CDF0D /* Result.swift */ = {isa = PBXFileReference; lastKnownFileType = sourcecode.swift; path = Result.swift; sourceTree = "<group>"; };
		2BECDF5E21E55A5A002CDF0D /* DataResponseError.swift */ = {isa = PBXFileReference; lastKnownFileType = sourcecode.swift; path = DataResponseError.swift; sourceTree = "<group>"; };
		2BECDF6221E55AA4002CDF0D /* HTTPURLResponse.swift */ = {isa = PBXFileReference; lastKnownFileType = sourcecode.swift; path = HTTPURLResponse.swift; sourceTree = "<group>"; };
		2BECDF6421E55CCC002CDF0D /* CustomCollectionsTableViewController.swift */ = {isa = PBXFileReference; lastKnownFileType = sourcecode.swift; path = CustomCollectionsTableViewController.swift; sourceTree = "<group>"; };
		2BECDF6621E5600F002CDF0D /* CustomCollectionsAPIResponse.swift */ = {isa = PBXFileReference; lastKnownFileType = sourcecode.swift; path = CustomCollectionsAPIResponse.swift; sourceTree = "<group>"; };
		2BECDF6C21E56478002CDF0D /* CustomCollectionCell.swift */ = {isa = PBXFileReference; lastKnownFileType = sourcecode.swift; path = CustomCollectionCell.swift; sourceTree = "<group>"; };
		2BECDF6D21E56478002CDF0D /* CustomCollectionCell.xib */ = {isa = PBXFileReference; lastKnownFileType = file.xib; path = CustomCollectionCell.xib; sourceTree = "<group>"; };
		2BECDF7121E56A80002CDF0D /* UIImageView.swift */ = {isa = PBXFileReference; lastKnownFileType = sourcecode.swift; path = UIImageView.swift; sourceTree = "<group>"; };
		2BECDF7321E58CD7002CDF0D /* Collect.swift */ = {isa = PBXFileReference; lastKnownFileType = sourcecode.swift; path = Collect.swift; sourceTree = "<group>"; };
		2BECDF7521E58DA4002CDF0D /* CollectsAPIResponse.swift */ = {isa = PBXFileReference; lastKnownFileType = sourcecode.swift; path = CollectsAPIResponse.swift; sourceTree = "<group>"; };
		2BECDF7721E58F3B002CDF0D /* Product.swift */ = {isa = PBXFileReference; lastKnownFileType = sourcecode.swift; path = Product.swift; sourceTree = "<group>"; };
		2BECDF7921E59034002CDF0D /* Variant.swift */ = {isa = PBXFileReference; lastKnownFileType = sourcecode.swift; path = Variant.swift; sourceTree = "<group>"; };
		2BECDF7B21E592D7002CDF0D /* ProductsAPIResponse.swift */ = {isa = PBXFileReference; lastKnownFileType = sourcecode.swift; path = ProductsAPIResponse.swift; sourceTree = "<group>"; };
		2BECDF7D21E59D8B002CDF0D /* DetailsTableViewController.swift */ = {isa = PBXFileReference; lastKnownFileType = sourcecode.swift; path = DetailsTableViewController.swift; sourceTree = "<group>"; };
		2BECDF7F21E6D158002CDF0D /* UIView.swift */ = {isa = PBXFileReference; lastKnownFileType = sourcecode.swift; path = UIView.swift; sourceTree = "<group>"; };
		2BECDF8121E6FB41002CDF0D /* ProductCell.swift */ = {isa = PBXFileReference; lastKnownFileType = sourcecode.swift; path = ProductCell.swift; sourceTree = "<group>"; };
		2BECDF8221E6FB41002CDF0D /* ProductCell.xib */ = {isa = PBXFileReference; lastKnownFileType = file.xib; path = ProductCell.xib; sourceTree = "<group>"; };
		2BFD80F021E7D4A100C11358 /* UIViewController.swift */ = {isa = PBXFileReference; lastKnownFileType = sourcecode.swift; path = UIViewController.swift; sourceTree = "<group>"; };
		2BFD80F321E7F8FD00C11358 /* AlertDisplayable.swift */ = {isa = PBXFileReference; lastKnownFileType = sourcecode.swift; path = AlertDisplayable.swift; sourceTree = "<group>"; };
/* End PBXFileReference section */

/* Begin PBXFrameworksBuildPhase section */
		2BECDF3C21E54FCB002CDF0D /* Frameworks */ = {
			isa = PBXFrameworksBuildPhase;
			buildActionMask = 2147483647;
			files = (
			);
			runOnlyForDeploymentPostprocessing = 0;
		};
/* End PBXFrameworksBuildPhase section */

/* Begin PBXGroup section */
		2BECDF3621E54FCB002CDF0D = {
			isa = PBXGroup;
			children = (
				2BECDF4121E54FCB002CDF0D /* shopify-summer-2019 */,
				2BECDF4021E54FCB002CDF0D /* Products */,
			);
			sourceTree = "<group>";
		};
		2BECDF4021E54FCB002CDF0D /* Products */ = {
			isa = PBXGroup;
			children = (
				2BECDF3F21E54FCB002CDF0D /* shopify-summer-2019.app */,
			);
			name = Products;
			sourceTree = "<group>";
		};
		2BECDF4121E54FCB002CDF0D /* shopify-summer-2019 */ = {
			isa = PBXGroup;
			children = (
				2BFD80F221E7F8DE00C11358 /* Protocols */,
				2BECDF6121E55A70002CDF0D /* Models */,
				2BECDF6921E5640F002CDF0D /* Views */,
				2BECDF6A21E56424002CDF0D /* Controllers */,
				2BECDF6021E55A67002CDF0D /* Networking */,
				2BECDF7021E56A66002CDF0D /* Extensions */,
				2BECDF6821E563F9002CDF0D /* Resources */,
				2BECDF4221E54FCB002CDF0D /* AppDelegate.swift */,
			);
			path = "shopify-summer-2019";
			sourceTree = "<group>";
		};
		2BECDF6021E55A67002CDF0D /* Networking */ = {
			isa = PBXGroup;
			children = (
				2BECDF5421E55250002CDF0D /* APIClient.swift */,
				2BECDF5821E55899002CDF0D /* URLRequest.swift */,
				2BECDF5A21E55908002CDF0D /* APIRequest.swift */,
				2BECDF5C21E55A25002CDF0D /* Result.swift */,
				2BECDF5E21E55A5A002CDF0D /* DataResponseError.swift */,
				2BECDF6221E55AA4002CDF0D /* HTTPURLResponse.swift */,
			);
			path = Networking;
			sourceTree = "<group>";
		};
		2BECDF6121E55A70002CDF0D /* Models */ = {
			isa = PBXGroup;
			children = (
				2BECDF5621E555D6002CDF0D /* CustomCollection.swift */,
				2BECDF6621E5600F002CDF0D /* CustomCollectionsAPIResponse.swift */,
				2BECDF7321E58CD7002CDF0D /* Collect.swift */,
				2BECDF7521E58DA4002CDF0D /* CollectsAPIResponse.swift */,
				2BECDF7721E58F3B002CDF0D /* Product.swift */,
				2BECDF7921E59034002CDF0D /* Variant.swift */,
				2BECDF7B21E592D7002CDF0D /* ProductsAPIResponse.swift */,
			);
			path = Models;
			sourceTree = "<group>";
		};
		2BECDF6821E563F9002CDF0D /* Resources */ = {
			isa = PBXGroup;
			children = (
				2BECDF4921E54FCD002CDF0D /* Assets.xcassets */,
				2BECDF4E21E54FCD002CDF0D /* Info.plist */,
			);
			name = Resources;
			sourceTree = "<group>";
		};
		2BECDF6921E5640F002CDF0D /* Views */ = {
			isa = PBXGroup;
			children = (
				2BECDF6B21E5644E002CDF0D /* Custom */,
				2BECDF4621E54FCB002CDF0D /* Main.storyboard */,
				2BECDF4B21E54FCD002CDF0D /* LaunchScreen.storyboard */,
			);
			path = Views;
			sourceTree = "<group>";
		};
		2BECDF6A21E56424002CDF0D /* Controllers */ = {
			isa = PBXGroup;
			children = (
				2BECDF6421E55CCC002CDF0D /* CustomCollectionsTableViewController.swift */,
				2BECDF7D21E59D8B002CDF0D /* DetailsTableViewController.swift */,
				2B8537C221ECFACD00270A50 /* ProductViewController.swift */,
			);
			path = Controllers;
			sourceTree = "<group>";
		};
		2BECDF6B21E5644E002CDF0D /* Custom */ = {
			isa = PBXGroup;
			children = (
				2BECDF6C21E56478002CDF0D /* CustomCollectionCell.swift */,
				2BECDF6D21E56478002CDF0D /* CustomCollectionCell.xib */,
				2BECDF8121E6FB41002CDF0D /* ProductCell.swift */,
				2BECDF8221E6FB41002CDF0D /* ProductCell.xib */,
				2B8537CA21EE847600270A50 /* VariantCollectionViewCell.swift */,
				2B8537CB21EE847600270A50 /* VariantCollectionViewCell.xib */,
			);
			path = Custom;
			sourceTree = "<group>";
		};
		2BECDF7021E56A66002CDF0D /* Extensions */ = {
			isa = PBXGroup;
			children = (
				2BECDF7121E56A80002CDF0D /* UIImageView.swift */,
				2BECDF7F21E6D158002CDF0D /* UIView.swift */,
				2BFD80F021E7D4A100C11358 /* UIViewController.swift */,
			);
			path = Extensions;
			sourceTree = "<group>";
		};
		2BFD80F221E7F8DE00C11358 /* Protocols */ = {
			isa = PBXGroup;
			children = (
				2BFD80F321E7F8FD00C11358 /* AlertDisplayable.swift */,
			);
			path = Protocols;
			sourceTree = "<group>";
		};
/* End PBXGroup section */

/* Begin PBXNativeTarget section */
		2BECDF3E21E54FCB002CDF0D /* shopify-summer-2019 */ = {
			isa = PBXNativeTarget;
			buildConfigurationList = 2BECDF5121E54FCD002CDF0D /* Build configuration list for PBXNativeTarget "shopify-summer-2019" */;
			buildPhases = (
				2BECDF3B21E54FCB002CDF0D /* Sources */,
				2BECDF3C21E54FCB002CDF0D /* Frameworks */,
				2BECDF3D21E54FCB002CDF0D /* Resources */,
			);
			buildRules = (
			);
			dependencies = (
			);
			name = "shopify-summer-2019";
			productName = "shopify-winter-2019";
			productReference = 2BECDF3F21E54FCB002CDF0D /* shopify-summer-2019.app */;
			productType = "com.apple.product-type.application";
		};
/* End PBXNativeTarget section */

/* Begin PBXProject section */
		2BECDF3721E54FCB002CDF0D /* Project object */ = {
			isa = PBXProject;
			attributes = {
				LastSwiftUpdateCheck = 1010;
				LastUpgradeCheck = 1010;
				ORGANIZATIONNAME = "Daian Aiziatov";
				TargetAttributes = {
					2BECDF3E21E54FCB002CDF0D = {
						CreatedOnToolsVersion = 10.1;
					};
				};
			};
			buildConfigurationList = 2BECDF3A21E54FCB002CDF0D /* Build configuration list for PBXProject "shopify-summer-2019" */;
			compatibilityVersion = "Xcode 9.3";
			developmentRegion = en;
			hasScannedForEncodings = 0;
			knownRegions = (
				en,
				Base,
			);
			mainGroup = 2BECDF3621E54FCB002CDF0D;
			productRefGroup = 2BECDF4021E54FCB002CDF0D /* Products */;
			projectDirPath = "";
			projectRoot = "";
			targets = (
				2BECDF3E21E54FCB002CDF0D /* shopify-summer-2019 */,
			);
		};
/* End PBXProject section */

/* Begin PBXResourcesBuildPhase section */
		2BECDF3D21E54FCB002CDF0D /* Resources */ = {
			isa = PBXResourcesBuildPhase;
			buildActionMask = 2147483647;
			files = (
				2BECDF6F21E56478002CDF0D /* CustomCollectionCell.xib in Resources */,
				2BECDF4D21E54FCD002CDF0D /* LaunchScreen.storyboard in Resources */,
				2BECDF8421E6FB41002CDF0D /* ProductCell.xib in Resources */,
				2B8537CD21EE847600270A50 /* VariantCollectionViewCell.xib in Resources */,
				2BECDF4A21E54FCD002CDF0D /* Assets.xcassets in Resources */,
				2BECDF4821E54FCB002CDF0D /* Main.storyboard in Resources */,
			);
			runOnlyForDeploymentPostprocessing = 0;
		};
/* End PBXResourcesBuildPhase section */

/* Begin PBXSourcesBuildPhase section */
		2BECDF3B21E54FCB002CDF0D /* Sources */ = {
			isa = PBXSourcesBuildPhase;
			buildActionMask = 2147483647;
			files = (
				2BECDF7621E58DA4002CDF0D /* CollectsAPIResponse.swift in Sources */,
				2BECDF7221E56A80002CDF0D /* UIImageView.swift in Sources */,
				2BECDF7821E58F3B002CDF0D /* Product.swift in Sources */,
				2BECDF5721E555D6002CDF0D /* CustomCollection.swift in Sources */,
				2BECDF7E21E59D8B002CDF0D /* DetailsTableViewController.swift in Sources */,
				2BECDF4321E54FCB002CDF0D /* AppDelegate.swift in Sources */,
				2BECDF6721E5600F002CDF0D /* CustomCollectionsAPIResponse.swift in Sources */,
				2BFD80F421E7F8FD00C11358 /* AlertDisplayable.swift in Sources */,
				2BECDF7C21E592D7002CDF0D /* ProductsAPIResponse.swift in Sources */,
				2B8537CC21EE847600270A50 /* VariantCollectionViewCell.swift in Sources */,
				2BECDF6E21E56478002CDF0D /* CustomCollectionCell.swift in Sources */,
				2BECDF5521E55250002CDF0D /* APIClient.swift in Sources */,
				2BECDF5D21E55A25002CDF0D /* Result.swift in Sources */,
				2BECDF6321E55AA4002CDF0D /* HTTPURLResponse.swift in Sources */,
				2BECDF6521E55CCC002CDF0D /* CustomCollectionsTableViewController.swift in Sources */,
				2BECDF8021E6D158002CDF0D /* UIView.swift in Sources */,
				2BFD80F121E7D4A100C11358 /* UIViewController.swift in Sources */,
				2BECDF5F21E55A5A002CDF0D /* DataResponseError.swift in Sources */,
				2BECDF5B21E55908002CDF0D /* APIRequest.swift in Sources */,
				2BECDF7A21E59034002CDF0D /* Variant.swift in Sources */,
				2BECDF8321E6FB41002CDF0D /* ProductCell.swift in Sources */,
				2BECDF7421E58CD7002CDF0D /* Collect.swift in Sources */,
				2BECDF5921E55899002CDF0D /* URLRequest.swift in Sources */,
				2B8537C321ECFACD00270A50 /* ProductViewController.swift in Sources */,
			);
			runOnlyForDeploymentPostprocessing = 0;
		};
/* End PBXSourcesBuildPhase section */

/* Begin PBXVariantGroup section */
		2BECDF4621E54FCB002CDF0D /* Main.storyboard */ = {
			isa = PBXVariantGroup;
			children = (
				2BECDF4721E54FCB002CDF0D /* Base */,
			);
			name = Main.storyboard;
			sourceTree = "<group>";
		};
		2BECDF4B21E54FCD002CDF0D /* LaunchScreen.storyboard */ = {
			isa = PBXVariantGroup;
			children = (
				2BECDF4C21E54FCD002CDF0D /* Base */,
			);
			name = LaunchScreen.storyboard;
			sourceTree = "<group>";
		};
/* End PBXVariantGroup section */

/* Begin XCBuildConfiguration section */
		2BECDF4F21E54FCD002CDF0D /* Debug */ = {
			isa = XCBuildConfiguration;
			buildSettings = {
				ALWAYS_SEARCH_USER_PATHS = NO;
				CLANG_ANALYZER_NONNULL = YES;
				CLANG_ANALYZER_NUMBER_OBJECT_CONVERSION = YES_AGGRESSIVE;
				CLANG_CXX_LANGUAGE_STANDARD = "gnu++14";
				CLANG_CXX_LIBRARY = "libc++";
				CLANG_ENABLE_MODULES = YES;
				CLANG_ENABLE_OBJC_ARC = YES;
				CLANG_ENABLE_OBJC_WEAK = YES;
				CLANG_WARN_BLOCK_CAPTURE_AUTORELEASING = YES;
				CLANG_WARN_BOOL_CONVERSION = YES;
				CLANG_WARN_COMMA = YES;
				CLANG_WARN_CONSTANT_CONVERSION = YES;
				CLANG_WARN_DEPRECATED_OBJC_IMPLEMENTATIONS = YES;
				CLANG_WARN_DIRECT_OBJC_ISA_USAGE = YES_ERROR;
				CLANG_WARN_DOCUMENTATION_COMMENTS = YES;
				CLANG_WARN_EMPTY_BODY = YES;
				CLANG_WARN_ENUM_CONVERSION = YES;
				CLANG_WARN_INFINITE_RECURSION = YES;
				CLANG_WARN_INT_CONVERSION = YES;
				CLANG_WARN_NON_LITERAL_NULL_CONVERSION = YES;
				CLANG_WARN_OBJC_IMPLICIT_RETAIN_SELF = YES;
				CLANG_WARN_OBJC_LITERAL_CONVERSION = YES;
				CLANG_WARN_OBJC_ROOT_CLASS = YES_ERROR;
				CLANG_WARN_RANGE_LOOP_ANALYSIS = YES;
				CLANG_WARN_STRICT_PROTOTYPES = YES;
				CLANG_WARN_SUSPICIOUS_MOVE = YES;
				CLANG_WARN_UNGUARDED_AVAILABILITY = YES_AGGRESSIVE;
				CLANG_WARN_UNREACHABLE_CODE = YES;
				CLANG_WARN__DUPLICATE_METHOD_MATCH = YES;
				CODE_SIGN_IDENTITY = "iPhone Developer";
				COPY_PHASE_STRIP = NO;
				DEBUG_INFORMATION_FORMAT = dwarf;
				ENABLE_STRICT_OBJC_MSGSEND = YES;
				ENABLE_TESTABILITY = YES;
				GCC_C_LANGUAGE_STANDARD = gnu11;
				GCC_DYNAMIC_NO_PIC = NO;
				GCC_NO_COMMON_BLOCKS = YES;
				GCC_OPTIMIZATION_LEVEL = 0;
				GCC_PREPROCESSOR_DEFINITIONS = (
					"DEBUG=1",
					"$(inherited)",
				);
				GCC_WARN_64_TO_32_BIT_CONVERSION = YES;
				GCC_WARN_ABOUT_RETURN_TYPE = YES_ERROR;
				GCC_WARN_UNDECLARED_SELECTOR = YES;
				GCC_WARN_UNINITIALIZED_AUTOS = YES_AGGRESSIVE;
				GCC_WARN_UNUSED_FUNCTION = YES;
				GCC_WARN_UNUSED_VARIABLE = YES;
				IPHONEOS_DEPLOYMENT_TARGET = 12.1;
				MTL_ENABLE_DEBUG_INFO = INCLUDE_SOURCE;
				MTL_FAST_MATH = YES;
				ONLY_ACTIVE_ARCH = YES;
				SDKROOT = iphoneos;
				SWIFT_ACTIVE_COMPILATION_CONDITIONS = DEBUG;
				SWIFT_OPTIMIZATION_LEVEL = "-Onone";
			};
			name = Debug;
		};
		2BECDF5021E54FCD002CDF0D /* Release */ = {
			isa = XCBuildConfiguration;
			buildSettings = {
				ALWAYS_SEARCH_USER_PATHS = NO;
				CLANG_ANALYZER_NONNULL = YES;
				CLANG_ANALYZER_NUMBER_OBJECT_CONVERSION = YES_AGGRESSIVE;
				CLANG_CXX_LANGUAGE_STANDARD = "gnu++14";
				CLANG_CXX_LIBRARY = "libc++";
				CLANG_ENABLE_MODULES = YES;
				CLANG_ENABLE_OBJC_ARC = YES;
				CLANG_ENABLE_OBJC_WEAK = YES;
				CLANG_WARN_BLOCK_CAPTURE_AUTORELEASING = YES;
				CLANG_WARN_BOOL_CONVERSION = YES;
				CLANG_WARN_COMMA = YES;
				CLANG_WARN_CONSTANT_CONVERSION = YES;
				CLANG_WARN_DEPRECATED_OBJC_IMPLEMENTATIONS = YES;
				CLANG_WARN_DIRECT_OBJC_ISA_USAGE = YES_ERROR;
				CLANG_WARN_DOCUMENTATION_COMMENTS = YES;
				CLANG_WARN_EMPTY_BODY = YES;
				CLANG_WARN_ENUM_CONVERSION = YES;
				CLANG_WARN_INFINITE_RECURSION = YES;
				CLANG_WARN_INT_CONVERSION = YES;
				CLANG_WARN_NON_LITERAL_NULL_CONVERSION = YES;
				CLANG_WARN_OBJC_IMPLICIT_RETAIN_SELF = YES;
				CLANG_WARN_OBJC_LITERAL_CONVERSION = YES;
				CLANG_WARN_OBJC_ROOT_CLASS = YES_ERROR;
				CLANG_WARN_RANGE_LOOP_ANALYSIS = YES;
				CLANG_WARN_STRICT_PROTOTYPES = YES;
				CLANG_WARN_SUSPICIOUS_MOVE = YES;
				CLANG_WARN_UNGUARDED_AVAILABILITY = YES_AGGRESSIVE;
				CLANG_WARN_UNREACHABLE_CODE = YES;
				CLANG_WARN__DUPLICATE_METHOD_MATCH = YES;
				CODE_SIGN_IDENTITY = "iPhone Developer";
				COPY_PHASE_STRIP = NO;
				DEBUG_INFORMATION_FORMAT = "dwarf-with-dsym";
				ENABLE_NS_ASSERTIONS = NO;
				ENABLE_STRICT_OBJC_MSGSEND = YES;
				GCC_C_LANGUAGE_STANDARD = gnu11;
				GCC_NO_COMMON_BLOCKS = YES;
				GCC_WARN_64_TO_32_BIT_CONVERSION = YES;
				GCC_WARN_ABOUT_RETURN_TYPE = YES_ERROR;
				GCC_WARN_UNDECLARED_SELECTOR = YES;
				GCC_WARN_UNINITIALIZED_AUTOS = YES_AGGRESSIVE;
				GCC_WARN_UNUSED_FUNCTION = YES;
				GCC_WARN_UNUSED_VARIABLE = YES;
				IPHONEOS_DEPLOYMENT_TARGET = 12.1;
				MTL_ENABLE_DEBUG_INFO = NO;
				MTL_FAST_MATH = YES;
				SDKROOT = iphoneos;
				SWIFT_COMPILATION_MODE = wholemodule;
				SWIFT_OPTIMIZATION_LEVEL = "-O";
				VALIDATE_PRODUCT = YES;
			};
			name = Release;
		};
		2BECDF5221E54FCD002CDF0D /* Debug */ = {
			isa = XCBuildConfiguration;
			buildSettings = {
				ASSETCATALOG_COMPILER_APPICON_NAME = AppIcon;
				CODE_SIGN_STYLE = Automatic;
				DEVELOPMENT_TEAM = WXMC8MD6TM;
				INFOPLIST_FILE = "shopify-summer-2019/Info.plist";
				LD_RUNPATH_SEARCH_PATHS = (
					"$(inherited)",
					"@executable_path/Frameworks",
				);
				PRODUCT_BUNDLE_IDENTIFIER = "com.daian.shopify-summer-2019";
				PRODUCT_NAME = "$(TARGET_NAME)";
				SWIFT_VERSION = 4.2;
				TARGETED_DEVICE_FAMILY = "1,2";
			};
			name = Debug;
		};
		2BECDF5321E54FCD002CDF0D /* Release */ = {
			isa = XCBuildConfiguration;
			buildSettings = {
				ASSETCATALOG_COMPILER_APPICON_NAME = AppIcon;
				CODE_SIGN_STYLE = Automatic;
				DEVELOPMENT_TEAM = WXMC8MD6TM;
				INFOPLIST_FILE = "shopify-summer-2019/Info.plist";
				LD_RUNPATH_SEARCH_PATHS = (
					"$(inherited)",
					"@executable_path/Frameworks",
				);
				PRODUCT_BUNDLE_IDENTIFIER = "com.daian.shopify-summer-2019";
				PRODUCT_NAME = "$(TARGET_NAME)";
				SWIFT_VERSION = 4.2;
				TARGETED_DEVICE_FAMILY = "1,2";
			};
			name = Release;
		};
/* End XCBuildConfiguration section */

/* Begin XCConfigurationList section */
		2BECDF3A21E54FCB002CDF0D /* Build configuration list for PBXProject "shopify-summer-2019" */ = {
			isa = XCConfigurationList;
			buildConfigurations = (
				2BECDF4F21E54FCD002CDF0D /* Debug */,
				2BECDF5021E54FCD002CDF0D /* Release */,
			);
			defaultConfigurationIsVisible = 0;
			defaultConfigurationName = Release;
		};
		2BECDF5121E54FCD002CDF0D /* Build configuration list for PBXNativeTarget "shopify-summer-2019" */ = {
			isa = XCConfigurationList;
			buildConfigurations = (
				2BECDF5221E54FCD002CDF0D /* Debug */,
				2BECDF5321E54FCD002CDF0D /* Release */,
			);
			defaultConfigurationIsVisible = 0;
			defaultConfigurationName = Release;
		};
/* End XCConfigurationList section */
	};
	rootObject = 2BECDF3721E54FCB002CDF0D /* Project object */;
}
